
Microsoft Visual Studio Solution File, Format Version 12.00
Project("{FAE04EC0-301F-11D3-BF4B-00C04F79EFBC}") = "Server", "Server\Server.csproj", "{335CFD4D-99DB-41D4-9519-812F59D0E4C9}"
EndProject
Project("{FAE04EC0-301F-11D3-BF4B-00C04F79EFBC}") = "Data", "Data\Data.csproj", "{35AFEF75-2AB0-4EB6-8906-F18653E5A724}"
EndProject
Project("{FAE04EC0-301F-11D3-BF4B-00C04F79EFBC}") = "DatabaseService", "DatabaseService\DatabaseService.csproj", "{5C3229EA-0D50-42AF-82CF-96CF675F3A7D}"
EndProject
Global
	GlobalSection(SolutionConfigurationPlatforms) = preSolution
		Debug|Any CPU = Debug|Any CPU
		Release|Any CPU = Release|Any CPU
	EndGlobalSection
	GlobalSection(ProjectConfigurationPlatforms) = postSolution
		{335CFD4D-99DB-41D4-9519-812F59D0E4C9}.Debug|Any CPU.ActiveCfg = Debug|Any CPU
		{335CFD4D-99DB-41D4-9519-812F59D0E4C9}.Debug|Any CPU.Build.0 = Debug|Any CPU
		{335CFD4D-99DB-41D4-9519-812F59D0E4C9}.Release|Any CPU.ActiveCfg = Release|Any CPU
		{335CFD4D-99DB-41D4-9519-812F59D0E4C9}.Release|Any CPU.Build.0 = Release|Any CPU
		{35AFEF75-2AB0-4EB6-8906-F18653E5A724}.Debug|Any CPU.ActiveCfg = Debug|Any CPU
		{35AFEF75-2AB0-4EB6-8906-F18653E5A724}.Debug|Any CPU.Build.0 = Debug|Any CPU
		{35AFEF75-2AB0-4EB6-8906-F18653E5A724}.Release|Any CPU.ActiveCfg = Release|Any CPU
		{35AFEF75-2AB0-4EB6-8906-F18653E5A724}.Release|Any CPU.Build.0 = Release|Any CPU
		{5C3229EA-0D50-42AF-82CF-96CF675F3A7D}.Debug|Any CPU.ActiveCfg = Debug|Any CPU
		{5C3229EA-0D50-42AF-82CF-96CF675F3A7D}.Debug|Any CPU.Build.0 = Debug|Any CPU
		{5C3229EA-0D50-42AF-82CF-96CF675F3A7D}.Release|Any CPU.ActiveCfg = Release|Any CPU
		{5C3229EA-0D50-42AF-82CF-96CF675F3A7D}.Release|Any CPU.Build.0 = Release|Any CPU
	EndGlobalSection
EndGlobal
